
Microsoft Visual Studio Solution File, Format Version 12.00
# Visual Studio Version 17
VisualStudioVersion = 17.11.35222.181
MinimumVisualStudioVersion = 10.0.40219.1
Project("{FAE04EC0-301F-11D3-BF4B-00C04F79EFBC}") = "CurrencyConverter", "CurrencyConverter\CurrencyConverter.csproj", "{AD29A794-113D-4EA1-BAE0-32141D284A7A}"
EndProject
Global
	GlobalSection(SolutionConfigurationPlatforms) = preSolution
		Debug|Any CPU = Debug|Any CPU
		Release|Any CPU = Release|Any CPU
	EndGlobalSection
	GlobalSection(ProjectConfigurationPlatforms) = postSolution
		{AD29A794-113D-4EA1-BAE0-32141D284A7A}.Debug|Any CPU.ActiveCfg = Debug|Any CPU
		{AD29A794-113D-4EA1-BAE0-32141D284A7A}.Debug|Any CPU.Build.0 = Debug|Any CPU
		{AD29A794-113D-4EA1-BAE0-32141D284A7A}.Release|Any CPU.ActiveCfg = Release|Any CPU
		{AD29A794-113D-4EA1-BAE0-32141D284A7A}.Release|Any CPU.Build.0 = Release|Any CPU
	EndGlobalSection
	GlobalSection(SolutionProperties) = preSolution
		HideSolutionNode = FALSE
	EndGlobalSection
	GlobalSection(ExtensibilityGlobals) = postSolution
		SolutionGuid = {83C562C4-A284-41C1-9FE0-44D18A592D7F}
	EndGlobalSection
EndGlobal
